// !$*UTF8*$!
{
	archiveVersion = 1;
	classes = {
	};
	objectVersion = 77;
	objects = {

/* Begin PBXBuildFile section */
		02CEB3672DEA23E3001E1C9F /* libsqlite3.0.tbd in Frameworks */ = {isa = PBXBuildFile; fileRef = 02CEB3662DEA23E3001E1C9F /* libsqlite3.0.tbd */; };
/* End PBXBuildFile section */

/* Begin PBXContainerItemProxy section */
		02CEB3292DE9DD16001E1C9F /* PBXContainerItemProxy */ = {
			isa = PBXContainerItemProxy;
			containerPortal = 02CEB3122DE9DD14001E1C9F /* Project object */;
			proxyType = 1;
			remoteGlobalIDString = 02CEB3192DE9DD14001E1C9F;
			remoteInfo = "Clipboard Timeline";
		};
		02CEB3332DE9DD16001E1C9F /* PBXContainerItemProxy */ = {
			isa = PBXContainerItemProxy;
			containerPortal = 02CEB3122DE9DD14001E1C9F /* Project object */;
			proxyType = 1;
			remoteGlobalIDString = 02CEB3192DE9DD14001E1C9F;
			remoteInfo = "Clipboard Timeline";
		};
/* End PBXContainerItemProxy section */

/* Begin PBXFileReference section */
		02CEB31A2DE9DD14001E1C9F /* Clipboard Timeline.app */ = {isa = PBXFileReference; explicitFileType = wrapper.application; includeInIndex = 0; path = "Clipboard Timeline.app"; sourceTree = BUILT_PRODUCTS_DIR; };
		02CEB3282DE9DD16001E1C9F /* Clipboard TimelineTests.xctest */ = {isa = PBXFileReference; explicitFileType = wrapper.cfbundle; includeInIndex = 0; path = "Clipboard TimelineTests.xctest"; sourceTree = BUILT_PRODUCTS_DIR; };
		02CEB3322DE9DD16001E1C9F /* Clipboard TimelineUITests.xctest */ = {isa = PBXFileReference; explicitFileType = wrapper.cfbundle; includeInIndex = 0; path = "Clipboard TimelineUITests.xctest"; sourceTree = BUILT_PRODUCTS_DIR; };
		02CEB3662DEA23E3001E1C9F /* libsqlite3.0.tbd */ = {isa = PBXFileReference; lastKnownFileType = "sourcecode.text-based-dylib-definition"; name = libsqlite3.0.tbd; path = usr/lib/libsqlite3.0.tbd; sourceTree = SDKROOT; };
/* End PBXFileReference section */

/* Begin PBXFileSystemSynchronizedBuildFileExceptionSet section */
		02CEB36A2DEA4663001E1C9F /* Exceptions for "Clipboard Timeline" folder in "Clipboard Timeline" target */ = {
			isa = PBXFileSystemSynchronizedBuildFileExceptionSet;
			membershipExceptions = (
				"Clipboard-Timeline-Info.plist",
			);
			target = 02CEB3192DE9DD14001E1C9F /* Clipboard Timeline */;
		};
/* End PBXFileSystemSynchronizedBuildFileExceptionSet section */

/* Begin PBXFileSystemSynchronizedRootGroup section */
		02CEB31C2DE9DD14001E1C9F /* Clipboard Timeline */ = {
			isa = PBXFileSystemSynchronizedRootGroup;
			exceptions = (
				02CEB36A2DEA4663001E1C9F /* Exceptions for "Clipboard Timeline" folder in "Clipboard Timeline" target */,
			);
			path = "Clipboard Timeline";
			sourceTree = "<group>";
		};
		02CEB32B2DE9DD16001E1C9F /* Clipboard TimelineTests */ = {
			isa = PBXFileSystemSynchronizedRootGroup;
			path = "Clipboard TimelineTests";
			sourceTree = "<group>";
		};
		02CEB3352DE9DD16001E1C9F /* Clipboard TimelineUITests */ = {
			isa = PBXFileSystemSynchronizedRootGroup;
			path = "Clipboard TimelineUITests";
			sourceTree = "<group>";
		};
/* End PBXFileSystemSynchronizedRootGroup section */

/* Begin PBXFrameworksBuildPhase section */
		02CEB3172DE9DD14001E1C9F /* Frameworks */ = {
			isa = PBXFrameworksBuildPhase;
			buildActionMask = 2147483647;
			files = (
				02CEB3672DEA23E3001E1C9F /* libsqlite3.0.tbd in Frameworks */,
			);
			runOnlyForDeploymentPostprocessing = 0;
		};
		02CEB3252DE9DD16001E1C9F /* Frameworks */ = {
			isa = PBXFrameworksBuildPhase;
			buildActionMask = 2147483647;
			files = (
			);
			runOnlyForDeploymentPostprocessing = 0;
		};
		02CEB32F2DE9DD16001E1C9F /* Frameworks */ = {
			isa = PBXFrameworksBuildPhase;
			buildActionMask = 2147483647;
			files = (
			);
			runOnlyForDeploymentPostprocessing = 0;
		};
/* End PBXFrameworksBuildPhase section */

/* Begin PBXGroup section */
		02CEB3112DE9DD14001E1C9F = {
			isa = PBXGroup;
			children = (
				02CEB31C2DE9DD14001E1C9F /* Clipboard Timeline */,
				02CEB32B2DE9DD16001E1C9F /* Clipboard TimelineTests */,
				02CEB3352DE9DD16001E1C9F /* Clipboard TimelineUITests */,
				02CEB3652DEA23E3001E1C9F /* Frameworks */,
				02CEB31B2DE9DD14001E1C9F /* Products */,
			);
			sourceTree = "<group>";
		};
		02CEB31B2DE9DD14001E1C9F /* Products */ = {
			isa = PBXGroup;
			children = (
				02CEB31A2DE9DD14001E1C9F /* Clipboard Timeline.app */,
				02CEB3282DE9DD16001E1C9F /* Clipboard TimelineTests.xctest */,
				02CEB3322DE9DD16001E1C9F /* Clipboard TimelineUITests.xctest */,
			);
			name = Products;
			sourceTree = "<group>";
		};
		02CEB3652DEA23E3001E1C9F /* Frameworks */ = {
			isa = PBXGroup;
			children = (
				02CEB3662DEA23E3001E1C9F /* libsqlite3.0.tbd */,
			);
			name = Frameworks;
			sourceTree = "<group>";
		};
/* End PBXGroup section */

/* Begin PBXNativeTarget section */
		02CEB3192DE9DD14001E1C9F /* Clipboard Timeline */ = {
			isa = PBXNativeTarget;
			buildConfigurationList = 02CEB33C2DE9DD16001E1C9F /* Build configuration list for PBXNativeTarget "Clipboard Timeline" */;
			buildPhases = (
				02CEB3162DE9DD14001E1C9F /* Sources */,
				02CEB3172DE9DD14001E1C9F /* Frameworks */,
				02CEB3182DE9DD14001E1C9F /* Resources */,
			);
			buildRules = (
			);
			dependencies = (
			);
			fileSystemSynchronizedGroups = (
				02CEB31C2DE9DD14001E1C9F /* Clipboard Timeline */,
			);
			name = "Clipboard Timeline";
			packageProductDependencies = (
			);
			productName = "Clipboard Timeline";
			productReference = 02CEB31A2DE9DD14001E1C9F /* Clipboard Timeline.app */;
			productType = "com.apple.product-type.application";
		};
		02CEB3272DE9DD16001E1C9F /* Clipboard TimelineTests */ = {
			isa = PBXNativeTarget;
			buildConfigurationList = 02CEB33F2DE9DD16001E1C9F /* Build configuration list for PBXNativeTarget "Clipboard TimelineTests" */;
			buildPhases = (
				02CEB3242DE9DD16001E1C9F /* Sources */,
				02CEB3252DE9DD16001E1C9F /* Frameworks */,
				02CEB3262DE9DD16001E1C9F /* Resources */,
			);
			buildRules = (
			);
			dependencies = (
				02CEB32A2DE9DD16001E1C9F /* PBXTargetDependency */,
			);
			fileSystemSynchronizedGroups = (
				02CEB32B2DE9DD16001E1C9F /* Clipboard TimelineTests */,
			);
			name = "Clipboard TimelineTests";
			packageProductDependencies = (
			);
			productName = "Clipboard TimelineTests";
			productReference = 02CEB3282DE9DD16001E1C9F /* Clipboard TimelineTests.xctest */;
			productType = "com.apple.product-type.bundle.unit-test";
		};
		02CEB3312DE9DD16001E1C9F /* Clipboard TimelineUITests */ = {
			isa = PBXNativeTarget;
			buildConfigurationList = 02CEB3422DE9DD16001E1C9F /* Build configuration list for PBXNativeTarget "Clipboard TimelineUITests" */;
			buildPhases = (
				02CEB32E2DE9DD16001E1C9F /* Sources */,
				02CEB32F2DE9DD16001E1C9F /* Frameworks */,
				02CEB3302DE9DD16001E1C9F /* Resources */,
			);
			buildRules = (
			);
			dependencies = (
				02CEB3342DE9DD16001E1C9F /* PBXTargetDependency */,
			);
			fileSystemSynchronizedGroups = (
				02CEB3352DE9DD16001E1C9F /* Clipboard TimelineUITests */,
			);
			name = "Clipboard TimelineUITests";
			packageProductDependencies = (
			);
			productName = "Clipboard TimelineUITests";
			productReference = 02CEB3322DE9DD16001E1C9F /* Clipboard TimelineUITests.xctest */;
			productType = "com.apple.product-type.bundle.ui-testing";
		};
/* End PBXNativeTarget section */

/* Begin PBXProject section */
		02CEB3122DE9DD14001E1C9F /* Project object */ = {
			isa = PBXProject;
			attributes = {
				BuildIndependentTargetsInParallel = 1;
				LastSwiftUpdateCheck = 1630;
				LastUpgradeCheck = 1630;
				TargetAttributes = {
					02CEB3192DE9DD14001E1C9F = {
						CreatedOnToolsVersion = 16.3;
					};
					02CEB3272DE9DD16001E1C9F = {
						CreatedOnToolsVersion = 16.3;
						TestTargetID = 02CEB3192DE9DD14001E1C9F;
					};
					02CEB3312DE9DD16001E1C9F = {
						CreatedOnToolsVersion = 16.3;
						TestTargetID = 02CEB3192DE9DD14001E1C9F;
					};
				};
			};
			buildConfigurationList = 02CEB3152DE9DD14001E1C9F /* Build configuration list for PBXProject "Clipboard Timeline" */;
			developmentRegion = en;
			hasScannedForEncodings = 0;
			knownRegions = (
				en,
				Base,
			);
			mainGroup = 02CEB3112DE9DD14001E1C9F;
			minimizedProjectReferenceProxies = 1;
			packageReferences = (
				02CEB3682DEA2935001E1C9F /* XCRemoteSwiftPackageReference "SQLite" */,
			);
			preferredProjectObjectVersion = 77;
			productRefGroup = 02CEB31B2DE9DD14001E1C9F /* Products */;
			projectDirPath = "";
			projectRoot = "";
			targets = (
				02CEB3192DE9DD14001E1C9F /* Clipboard Timeline */,
				02CEB3272DE9DD16001E1C9F /* Clipboard TimelineTests */,
				02CEB3312DE9DD16001E1C9F /* Clipboard TimelineUITests */,
			);
		};
/* End PBXProject section */

/* Begin PBXResourcesBuildPhase section */
		02CEB3182DE9DD14001E1C9F /* Resources */ = {
			isa = PBXResourcesBuildPhase;
			buildActionMask = 2147483647;
			files = (
			);
			runOnlyForDeploymentPostprocessing = 0;
		};
		02CEB3262DE9DD16001E1C9F /* Resources */ = {
			isa = PBXResourcesBuildPhase;
			buildActionMask = 2147483647;
			files = (
			);
			runOnlyForDeploymentPostprocessing = 0;
		};
		02CEB3302DE9DD16001E1C9F /* Resources */ = {
			isa = PBXResourcesBuildPhase;
			buildActionMask = 2147483647;
			files = (
			);
			runOnlyForDeploymentPostprocessing = 0;
		};
/* End PBXResourcesBuildPhase section */

/* Begin PBXSourcesBuildPhase section */
		02CEB3162DE9DD14001E1C9F /* Sources */ = {
			isa = PBXSourcesBuildPhase;
			buildActionMask = 2147483647;
			files = (
			);
			runOnlyForDeploymentPostprocessing = 0;
		};
		02CEB3242DE9DD16001E1C9F /* Sources */ = {
			isa = PBXSourcesBuildPhase;
			buildActionMask = 2147483647;
			files = (
			);
			runOnlyForDeploymentPostprocessing = 0;
		};
		02CEB32E2DE9DD16001E1C9F /* Sources */ = {
			isa = PBXSourcesBuildPhase;
			buildActionMask = 2147483647;
			files = (
			);
			runOnlyForDeploymentPostprocessing = 0;
		};
/* End PBXSourcesBuildPhase section */

/* Begin PBXTargetDependency section */
		02CEB32A2DE9DD16001E1C9F /* PBXTargetDependency */ = {
			isa = PBXTargetDependency;
			target = 02CEB3192DE9DD14001E1C9F /* Clipboard Timeline */;
			targetProxy = 02CEB3292DE9DD16001E1C9F /* PBXContainerItemProxy */;
		};
		02CEB3342DE9DD16001E1C9F /* PBXTargetDependency */ = {
			isa = PBXTargetDependency;
			target = 02CEB3192DE9DD14001E1C9F /* Clipboard Timeline */;
			targetProxy = 02CEB3332DE9DD16001E1C9F /* PBXContainerItemProxy */;
		};
/* End PBXTargetDependency section */

/* Begin XCBuildConfiguration section */
		02CEB33A2DE9DD16001E1C9F /* Debug */ = {
			isa = XCBuildConfiguration;
			buildSettings = {
				ALWAYS_SEARCH_USER_PATHS = NO;
				ASSETCATALOG_COMPILER_GENERATE_SWIFT_ASSET_SYMBOL_EXTENSIONS = YES;
				CLANG_ANALYZER_NONNULL = YES;
				CLANG_ANALYZER_NUMBER_OBJECT_CONVERSION = YES_AGGRESSIVE;
				CLANG_CXX_LANGUAGE_STANDARD = "gnu++20";
				CLANG_ENABLE_MODULES = YES;
				CLANG_ENABLE_OBJC_ARC = YES;
				CLANG_ENABLE_OBJC_WEAK = YES;
				CLANG_WARN_BLOCK_CAPTURE_AUTORELEASING = YES;
				CLANG_WARN_BOOL_CONVERSION = YES;
				CLANG_WARN_COMMA = YES;
				CLANG_WARN_CONSTANT_CONVERSION = YES;
				CLANG_WARN_DEPRECATED_OBJC_IMPLEMENTATIONS = YES;
				CLANG_WARN_DIRECT_OBJC_ISA_USAGE = YES_ERROR;
				CLANG_WARN_DOCUMENTATION_COMMENTS = YES;
				CLANG_WARN_EMPTY_BODY = YES;
				CLANG_WARN_ENUM_CONVERSION = YES;
				CLANG_WARN_INFINITE_RECURSION = YES;
				CLANG_WARN_INT_CONVERSION = YES;
				CLANG_WARN_NON_LITERAL_NULL_CONVERSION = YES;
				CLANG_WARN_OBJC_IMPLICIT_RETAIN_SELF = YES;
				CLANG_WARN_OBJC_LITERAL_CONVERSION = YES;
				CLANG_WARN_OBJC_ROOT_CLASS = YES_ERROR;
				CLANG_WARN_QUOTED_INCLUDE_IN_FRAMEWORK_HEADER = YES;
				CLANG_WARN_RANGE_LOOP_ANALYSIS = YES;
				CLANG_WARN_STRICT_PROTOTYPES = YES;
				CLANG_WARN_SUSPICIOUS_MOVE = YES;
				CLANG_WARN_UNGUARDED_AVAILABILITY = YES_AGGRESSIVE;
				CLANG_WARN_UNREACHABLE_CODE = YES;
				CLANG_WARN__DUPLICATE_METHOD_MATCH = YES;
				COPY_PHASE_STRIP = NO;
				DEBUG_INFORMATION_FORMAT = dwarf;
				DEVELOPMENT_TEAM = 4426S2SFBM;
				ENABLE_STRICT_OBJC_MSGSEND = YES;
				ENABLE_TESTABILITY = YES;
				ENABLE_USER_SCRIPT_SANDBOXING = YES;
				GCC_C_LANGUAGE_STANDARD = gnu17;
				GCC_DYNAMIC_NO_PIC = NO;
				GCC_NO_COMMON_BLOCKS = YES;
				GCC_OPTIMIZATION_LEVEL = 0;
				GCC_PREPROCESSOR_DEFINITIONS = (
					"DEBUG=1",
					"$(inherited)",
				);
				GCC_WARN_64_TO_32_BIT_CONVERSION = YES;
				GCC_WARN_ABOUT_RETURN_TYPE = YES_ERROR;
				GCC_WARN_UNDECLARED_SELECTOR = YES;
				GCC_WARN_UNINITIALIZED_AUTOS = YES_AGGRESSIVE;
				GCC_WARN_UNUSED_FUNCTION = YES;
				GCC_WARN_UNUSED_VARIABLE = YES;
				LOCALIZATION_PREFERS_STRING_CATALOGS = YES;
				MACOSX_DEPLOYMENT_TARGET = 15.4;
				MTL_ENABLE_DEBUG_INFO = INCLUDE_SOURCE;
				MTL_FAST_MATH = YES;
				ONLY_ACTIVE_ARCH = YES;
				SDKROOT = macosx;
				SWIFT_ACTIVE_COMPILATION_CONDITIONS = "DEBUG $(inherited)";
				SWIFT_OPTIMIZATION_LEVEL = "-Onone";
			};
			name = Debug;
		};
		02CEB33B2DE9DD16001E1C9F /* Release */ = {
			isa = XCBuildConfiguration;
			buildSettings = {
				ALWAYS_SEARCH_USER_PATHS = NO;
				ASSETCATALOG_COMPILER_GENERATE_SWIFT_ASSET_SYMBOL_EXTENSIONS = YES;
				CLANG_ANALYZER_NONNULL = YES;
				CLANG_ANALYZER_NUMBER_OBJECT_CONVERSION = YES_AGGRESSIVE;
				CLANG_CXX_LANGUAGE_STANDARD = "gnu++20";
				CLANG_ENABLE_MODULES = YES;
				CLANG_ENABLE_OBJC_ARC = YES;
				CLANG_ENABLE_OBJC_WEAK = YES;
				CLANG_WARN_BLOCK_CAPTURE_AUTORELEASING = YES;
				CLANG_WARN_BOOL_CONVERSION = YES;
				CLANG_WARN_COMMA = YES;
				CLANG_WARN_CONSTANT_CONVERSION = YES;
				CLANG_WARN_DEPRECATED_OBJC_IMPLEMENTATIONS = YES;
				CLANG_WARN_DIRECT_OBJC_ISA_USAGE = YES_ERROR;
				CLANG_WARN_DOCUMENTATION_COMMENTS = YES;
				CLANG_WARN_EMPTY_BODY = YES;
				CLANG_WARN_ENUM_CONVERSION = YES;
				CLANG_WARN_INFINITE_RECURSION = YES;
				CLANG_WARN_INT_CONVERSION = YES;
				CLANG_WARN_NON_LITERAL_NULL_CONVERSION = YES;
				CLANG_WARN_OBJC_IMPLICIT_RETAIN_SELF = YES;
				CLANG_WARN_OBJC_LITERAL_CONVERSION = YES;
				CLANG_WARN_OBJC_ROOT_CLASS = YES_ERROR;
				CLANG_WARN_QUOTED_INCLUDE_IN_FRAMEWORK_HEADER = YES;
				CLANG_WARN_RANGE_LOOP_ANALYSIS = YES;
				CLANG_WARN_STRICT_PROTOTYPES = YES;
				CLANG_WARN_SUSPICIOUS_MOVE = YES;
				CLANG_WARN_UNGUARDED_AVAILABILITY = YES_AGGRESSIVE;
				CLANG_WARN_UNREACHABLE_CODE = YES;
				CLANG_WARN__DUPLICATE_METHOD_MATCH = YES;
				COPY_PHASE_STRIP = NO;
				DEBUG_INFORMATION_FORMAT = "dwarf-with-dsym";
				DEVELOPMENT_TEAM = 4426S2SFBM;
				ENABLE_NS_ASSERTIONS = NO;
				ENABLE_STRICT_OBJC_MSGSEND = YES;
				ENABLE_USER_SCRIPT_SANDBOXING = YES;
				GCC_C_LANGUAGE_STANDARD = gnu17;
				GCC_NO_COMMON_BLOCKS = YES;
				GCC_WARN_64_TO_32_BIT_CONVERSION = YES;
				GCC_WARN_ABOUT_RETURN_TYPE = YES_ERROR;
				GCC_WARN_UNDECLARED_SELECTOR = YES;
				GCC_WARN_UNINITIALIZED_AUTOS = YES_AGGRESSIVE;
				GCC_WARN_UNUSED_FUNCTION = YES;
				GCC_WARN_UNUSED_VARIABLE = YES;
				LOCALIZATION_PREFERS_STRING_CATALOGS = YES;
				MACOSX_DEPLOYMENT_TARGET = 15.4;
				MTL_ENABLE_DEBUG_INFO = NO;
				MTL_FAST_MATH = YES;
				SDKROOT = macosx;
				SWIFT_COMPILATION_MODE = wholemodule;
			};
			name = Release;
		};
		02CEB33D2DE9DD16001E1C9F /* Debug */ = {
			isa = XCBuildConfiguration;
			buildSettings = {
				ASSETCATALOG_COMPILER_APPICON_NAME = AppIcon;
				ASSETCATALOG_COMPILER_GLOBAL_ACCENT_COLOR_NAME = AccentColor;
				CODE_SIGN_ENTITLEMENTS = "Clipboard Timeline/Clipboard_Timeline.entitlements";
				CODE_SIGN_STYLE = Automatic;
				COMBINE_HIDPI_IMAGES = YES;
				CURRENT_PROJECT_VERSION = 1;
				DEVELOPMENT_TEAM = FZS86W2D4N;
				ENABLE_HARDENED_RUNTIME = YES;
				ENABLE_PREVIEWS = YES;
				GENERATE_INFOPLIST_FILE = YES;
				INFOPLIST_FILE = "Clipboard-Timeline-Info.plist";
				INFOPLIST_KEY_LSUIElement = YES;
				INFOPLIST_KEY_NSHumanReadableCopyright = "";
				LD_RUNPATH_SEARCH_PATHS = (
					"$(inherited)",
					"@executable_path/../Frameworks",
				);
				MARKETING_VERSION = 1.0;
				PRODUCT_BUNDLE_IDENTIFIER = "wizlab.Clipboard-Timeline";
				PRODUCT_NAME = "$(TARGET_NAME)";
				REGISTER_APP_GROUPS = YES;
				SWIFT_EMIT_LOC_STRINGS = YES;
				SWIFT_VERSION = 5.0;
			};
			name = Debug;
		};
		02CEB33E2DE9DD16001E1C9F /* Release */ = {
			isa = XCBuildConfiguration;
			buildSettings = {
				ASSETCATALOG_COMPILER_APPICON_NAME = AppIcon;
				ASSETCATALOG_COMPILER_GLOBAL_ACCENT_COLOR_NAME = AccentColor;
				CODE_SIGN_ENTITLEMENTS = "Clipboard Timeline/Clipboard_Timeline.entitlements";
				CODE_SIGN_STYLE = Automatic;
				COMBINE_HIDPI_IMAGES = YES;
				CURRENT_PROJECT_VERSION = 1;
				DEVELOPMENT_TEAM = FZS86W2D4N;
				ENABLE_HARDENED_RUNTIME = YES;
				ENABLE_PREVIEWS = YES;
				GENERATE_INFOPLIST_FILE = YES;
				INFOPLIST_FILE = "Clipboard-Timeline-Info.plist";
				INFOPLIST_KEY_LSUIElement = YES;
				INFOPLIST_KEY_NSHumanReadableCopyright = "";
				LD_RUNPATH_SEARCH_PATHS = (
					"$(inherited)",
					"@executable_path/../Frameworks",
				);
				MARKETING_VERSION = 1.0;
				PRODUCT_BUNDLE_IDENTIFIER = "wizlab.Clipboard-Timeline";
				PRODUCT_NAME = "$(TARGET_NAME)";
				REGISTER_APP_GROUPS = YES;
				SWIFT_EMIT_LOC_STRINGS = YES;
				SWIFT_VERSION = 5.0;
			};
			name = Release;
		};
		02CEB3402DE9DD16001E1C9F /* Debug */ = {
			isa = XCBuildConfiguration;
			buildSettings = {
				BUNDLE_LOADER = "$(TEST_HOST)";
				CODE_SIGN_STYLE = Automatic;
				CURRENT_PROJECT_VERSION = 1;
				DEVELOPMENT_TEAM = 4426S2SFBM;
				GENERATE_INFOPLIST_FILE = YES;
				MACOSX_DEPLOYMENT_TARGET = 15.4;
				MARKETING_VERSION = 1.0;
				PRODUCT_BUNDLE_IDENTIFIER = "wizlab.Clipboard-TimelineTests";
				PRODUCT_NAME = "$(TARGET_NAME)";
				SWIFT_EMIT_LOC_STRINGS = NO;
				SWIFT_VERSION = 5.0;
				TEST_HOST = "$(BUILT_PRODUCTS_DIR)/Clipboard Timeline.app/$(BUNDLE_EXECUTABLE_FOLDER_PATH)/Clipboard Timeline";
			};
			name = Debug;
		};
		02CEB3412DE9DD16001E1C9F /* Release */ = {
			isa = XCBuildConfiguration;
			buildSettings = {
				BUNDLE_LOADER = "$(TEST_HOST)";
				CODE_SIGN_STYLE = Automatic;
				CURRENT_PROJECT_VERSION = 1;
				DEVELOPMENT_TEAM = 4426S2SFBM;
				GENERATE_INFOPLIST_FILE = YES;
				MACOSX_DEPLOYMENT_TARGET = 15.4;
				MARKETING_VERSION = 1.0;
				PRODUCT_BUNDLE_IDENTIFIER = "wizlab.Clipboard-TimelineTests";
				PRODUCT_NAME = "$(TARGET_NAME)";
				SWIFT_EMIT_LOC_STRINGS = NO;
				SWIFT_VERSION = 5.0;
				TEST_HOST = "$(BUILT_PRODUCTS_DIR)/Clipboard Timeline.app/$(BUNDLE_EXECUTABLE_FOLDER_PATH)/Clipboard Timeline";
			};
			name = Release;
		};
		02CEB3432DE9DD16001E1C9F /* Debug */ = {
			isa = XCBuildConfiguration;
			buildSettings = {
				CODE_SIGN_STYLE = Automatic;
				CURRENT_PROJECT_VERSION = 1;
				DEVELOPMENT_TEAM = 4426S2SFBM;
				GENERATE_INFOPLIST_FILE = YES;
				MARKETING_VERSION = 1.0;
				PRODUCT_BUNDLE_IDENTIFIER = "wizlab.Clipboard-TimelineUITests";
				PRODUCT_NAME = "$(TARGET_NAME)";
				SWIFT_EMIT_LOC_STRINGS = NO;
				SWIFT_VERSION = 5.0;
				TEST_TARGET_NAME = "Clipboard Timeline";
			};
			name = Debug;
		};
		02CEB3442DE9DD16001E1C9F /* Release */ = {
			isa = XCBuildConfiguration;
			buildSettings = {
				CODE_SIGN_STYLE = Automatic;
				CURRENT_PROJECT_VERSION = 1;
				DEVELOPMENT_TEAM = 4426S2SFBM;
				GENERATE_INFOPLIST_FILE = YES;
				MARKETING_VERSION = 1.0;
				PRODUCT_BUNDLE_IDENTIFIER = "wizlab.Clipboard-TimelineUITests";
				PRODUCT_NAME = "$(TARGET_NAME)";
				SWIFT_EMIT_LOC_STRINGS = NO;
				SWIFT_VERSION = 5.0;
				TEST_TARGET_NAME = "Clipboard Timeline";
			};
			name = Release;
		};
/* End XCBuildConfiguration section */

/* Begin XCConfigurationList section */
		02CEB3152DE9DD14001E1C9F /* Build configuration list for PBXProject "Clipboard Timeline" */ = {
			isa = XCConfigurationList;
			buildConfigurations = (
				02CEB33A2DE9DD16001E1C9F /* Debug */,
				02CEB33B2DE9DD16001E1C9F /* Release */,
			);
			defaultConfigurationIsVisible = 0;
			defaultConfigurationName = Release;
		};
		02CEB33C2DE9DD16001E1C9F /* Build configuration list for PBXNativeTarget "Clipboard Timeline" */ = {
			isa = XCConfigurationList;
			buildConfigurations = (
				02CEB33D2DE9DD16001E1C9F /* Debug */,
				02CEB33E2DE9DD16001E1C9F /* Release */,
			);
			defaultConfigurationIsVisible = 0;
			defaultConfigurationName = Release;
		};
		02CEB33F2DE9DD16001E1C9F /* Build configuration list for PBXNativeTarget "Clipboard TimelineTests" */ = {
			isa = XCConfigurationList;
			buildConfigurations = (
				02CEB3402DE9DD16001E1C9F /* Debug */,
				02CEB3412DE9DD16001E1C9F /* Release */,
			);
			defaultConfigurationIsVisible = 0;
			defaultConfigurationName = Release;
		};
		02CEB3422DE9DD16001E1C9F /* Build configuration list for PBXNativeTarget "Clipboard TimelineUITests" */ = {
			isa = XCConfigurationList;
			buildConfigurations = (
				02CEB3432DE9DD16001E1C9F /* Debug */,
				02CEB3442DE9DD16001E1C9F /* Release */,
			);
			defaultConfigurationIsVisible = 0;
			defaultConfigurationName = Release;
		};
/* End XCConfigurationList section */

/* Begin XCRemoteSwiftPackageReference section */
		02CEB3682DEA2935001E1C9F /* XCRemoteSwiftPackageReference "SQLite" */ = {
			isa = XCRemoteSwiftPackageReference;
			repositoryURL = "https://github.com/stephencelis/SQLite.swift";
			requirement = {
				kind = upToNextMajorVersion;
				minimumVersion = 0.15.3;
			};
		};
/* End XCRemoteSwiftPackageReference section */
	};
	rootObject = 02CEB3122DE9DD14001E1C9F /* Project object */;
}
